// !$*UTF8*$!
{
	archiveVersion = 1;
	classes = {
	};
	objectVersion = 46;
	objects = {

/* Begin PBXBuildFile section */
		A85C01241CE9AD8E00E9B343 /* AppDelegate.swift in Sources */ = {isa = PBXBuildFile; fileRef = A85C01231CE9AD8E00E9B343 /* AppDelegate.swift */; };
		A85C01261CE9AD8E00E9B343 /* ViewController.swift in Sources */ = {isa = PBXBuildFile; fileRef = A85C01251CE9AD8E00E9B343 /* ViewController.swift */; };
		A85C01291CE9AD8E00E9B343 /* Main.storyboard in Resources */ = {isa = PBXBuildFile; fileRef = A85C01271CE9AD8E00E9B343 /* Main.storyboard */; };
		A85C012B1CE9AD8E00E9B343 /* Assets.xcassets in Resources */ = {isa = PBXBuildFile; fileRef = A85C012A1CE9AD8E00E9B343 /* Assets.xcassets */; };
		A85C012E1CE9AD8E00E9B343 /* LaunchScreen.storyboard in Resources */ = {isa = PBXBuildFile; fileRef = A85C012C1CE9AD8E00E9B343 /* LaunchScreen.storyboard */; };
		A85C01361CE9ADB000E9B343 /* CustomInputTextField.swift in Sources */ = {isa = PBXBuildFile; fileRef = A85C01351CE9ADB000E9B343 /* CustomInputTextField.swift */; };
/* End PBXBuildFile section */

/* Begin PBXFileReference section */
		A85C01201CE9AD8E00E9B343 /* Demo.app */ = {isa = PBXFileReference; explicitFileType = wrapper.application; includeInIndex = 0; path = Demo.app; sourceTree = BUILT_PRODUCTS_DIR; };
		A85C01231CE9AD8E00E9B343 /* AppDelegate.swift */ = {isa = PBXFileReference; lastKnownFileType = sourcecode.swift; path = AppDelegate.swift; sourceTree = "<group>"; };
		A85C01251CE9AD8E00E9B343 /* ViewController.swift */ = {isa = PBXFileReference; lastKnownFileType = sourcecode.swift; path = ViewController.swift; sourceTree = "<group>"; };
		A85C01281CE9AD8E00E9B343 /* Base */ = {isa = PBXFileReference; lastKnownFileType = file.storyboard; name = Base; path = Base.lproj/Main.storyboard; sourceTree = "<group>"; };
		A85C012A1CE9AD8E00E9B343 /* Assets.xcassets */ = {isa = PBXFileReference; lastKnownFileType = folder.assetcatalog; path = Assets.xcassets; sourceTree = "<group>"; };
		A85C012D1CE9AD8E00E9B343 /* Base */ = {isa = PBXFileReference; lastKnownFileType = file.storyboard; name = Base; path = Base.lproj/LaunchScreen.storyboard; sourceTree = "<group>"; };
		A85C012F1CE9AD8E00E9B343 /* Info.plist */ = {isa = PBXFileReference; lastKnownFileType = text.plist.xml; path = Info.plist; sourceTree = "<group>"; };
		A85C01351CE9ADB000E9B343 /* CustomInputTextField.swift */ = {isa = PBXFileReference; fileEncoding = 4; lastKnownFileType = sourcecode.swift; path = CustomInputTextField.swift; sourceTree = "<group>"; };
/* End PBXFileReference section */

/* Begin PBXFrameworksBuildPhase section */
		A85C011D1CE9AD8E00E9B343 /* Frameworks */ = {
			isa = PBXFrameworksBuildPhase;
			buildActionMask = 2147483647;
			files = (
			);
			runOnlyForDeploymentPostprocessing = 0;
		};
/* End PBXFrameworksBuildPhase section */

/* Begin PBXGroup section */
		A85C01171CE9AD8E00E9B343 = {
			isa = PBXGroup;
			children = (
				A85C01221CE9AD8E00E9B343 /* Demo */,
				A85C01211CE9AD8E00E9B343 /* Products */,
			);
			sourceTree = "<group>";
		};
		A85C01211CE9AD8E00E9B343 /* Products */ = {
			isa = PBXGroup;
			children = (
				A85C01201CE9AD8E00E9B343 /* Demo.app */,
			);
			name = Products;
			sourceTree = "<group>";
		};
		A85C01221CE9AD8E00E9B343 /* Demo */ = {
			isa = PBXGroup;
			children = (
				A85C01231CE9AD8E00E9B343 /* AppDelegate.swift */,
				A85C01251CE9AD8E00E9B343 /* ViewController.swift */,
				A85C01271CE9AD8E00E9B343 /* Main.storyboard */,
				A85C01351CE9ADB000E9B343 /* CustomInputTextField.swift */,
				A85C012A1CE9AD8E00E9B343 /* Assets.xcassets */,
				A85C012C1CE9AD8E00E9B343 /* LaunchScreen.storyboard */,
				A85C012F1CE9AD8E00E9B343 /* Info.plist */,
			);
			path = Demo;
			sourceTree = "<group>";
		};
/* End PBXGroup section */

/* Begin PBXNativeTarget section */
		A85C011F1CE9AD8E00E9B343 /* Demo */ = {
			isa = PBXNativeTarget;
			buildConfigurationList = A85C01321CE9AD8E00E9B343 /* Build configuration list for PBXNativeTarget "Demo" */;
			buildPhases = (
				A85C011C1CE9AD8E00E9B343 /* Sources */,
				A85C011D1CE9AD8E00E9B343 /* Frameworks */,
				A85C011E1CE9AD8E00E9B343 /* Resources */,
			);
			buildRules = (
			);
			dependencies = (
			);
			name = Demo;
			productName = Demo;
			productReference = A85C01201CE9AD8E00E9B343 /* Demo.app */;
			productType = "com.apple.product-type.application";
		};
/* End PBXNativeTarget section */

/* Begin PBXProject section */
		A85C01181CE9AD8E00E9B343 /* Project object */ = {
			isa = PBXProject;
			attributes = {
				LastSwiftUpdateCheck = 0730;
				LastUpgradeCheck = 0730;
				ORGANIZATIONNAME = MoonShine;
				TargetAttributes = {
					A85C011F1CE9AD8E00E9B343 = {
						CreatedOnToolsVersion = 7.3;
					};
				};
			};
			buildConfigurationList = A85C011B1CE9AD8E00E9B343 /* Build configuration list for PBXProject "Demo" */;
			compatibilityVersion = "Xcode 3.2";
			developmentRegion = English;
			hasScannedForEncodings = 0;
			knownRegions = (
				en,
				Base,
			);
			mainGroup = A85C01171CE9AD8E00E9B343;
			productRefGroup = A85C01211CE9AD8E00E9B343 /* Products */;
			projectDirPath = "";
			projectRoot = "";
			targets = (
				A85C011F1CE9AD8E00E9B343 /* Demo */,
			);
		};
/* End PBXProject section */

/* Begin PBXResourcesBuildPhase section */
		A85C011E1CE9AD8E00E9B343 /* Resources */ = {
			isa = PBXResourcesBuildPhase;
			buildActionMask = 2147483647;
			files = (
				A85C012E1CE9AD8E00E9B343 /* LaunchScreen.storyboard in Resources */,
				A85C012B1CE9AD8E00E9B343 /* Assets.xcassets in Resources */,
				A85C01291CE9AD8E00E9B343 /* Main.storyboard in Resources */,
			);
			runOnlyForDeploymentPostprocessing = 0;
		};
/* End PBXResourcesBuildPhase section */

/* Begin PBXSourcesBuildPhase section */
		A85C011C1CE9AD8E00E9B343 /* Sources */ = {
			isa = PBXSourcesBuildPhase;
			buildActionMask = 2147483647;
			files = (
				A85C01261CE9AD8E00E9B343 /* ViewController.swift in Sources */,
				A85C01361CE9ADB000E9B343 /* CustomInputTextField.swift in Sources */,
				A85C01241CE9AD8E00E9B343 /* AppDelegate.swift in Sources */,
			);
			runOnlyForDeploymentPostprocessing = 0;
		};
/* End PBXSourcesBuildPhase section */

/* Begin PBXVariantGroup section */
		A85C01271CE9AD8E00E9B343 /* Main.storyboard */ = {
			isa = PBXVariantGroup;
			children = (
				A85C01281CE9AD8E00E9B343 /* Base */,
			);
			name = Main.storyboard;
			sourceTree = "<group>";
		};
		A85C012C1CE9AD8E00E9B343 /* LaunchScreen.storyboard */ = {
			isa = PBXVariantGroup;
			children = (
				A85C012D1CE9AD8E00E9B343 /* Base */,
			);
			name = LaunchScreen.storyboard;
			sourceTree = "<group>";
		};
/* End PBXVariantGroup section */

/* Begin XCBuildConfiguration section */
		A85C01301CE9AD8E00E9B343 /* Debug */ = {
			isa = XCBuildConfiguration;
			buildSettings = {
				ALWAYS_SEARCH_USER_PATHS = NO;
				CLANG_ANALYZER_NONNULL = YES;
				CLANG_CXX_LANGUAGE_STANDARD = "gnu++0x";
				CLANG_CXX_LIBRARY = "libc++";
				CLANG_ENABLE_MODULES = YES;
				CLANG_ENABLE_OBJC_ARC = YES;
				CLANG_WARN_BOOL_CONVERSION = YES;
				CLANG_WARN_CONSTANT_CONVERSION = YES;
				CLANG_WARN_DIRECT_OBJC_ISA_USAGE = YES_ERROR;
				CLANG_WARN_EMPTY_BODY = YES;
				CLANG_WARN_ENUM_CONVERSION = YES;
				CLANG_WARN_INT_CONVERSION = YES;
				CLANG_WARN_OBJC_ROOT_CLASS = YES_ERROR;
				CLANG_WARN_UNREACHABLE_CODE = YES;
				CLANG_WARN__DUPLICATE_METHOD_MATCH = YES;
				"CODE_SIGN_IDENTITY[sdk=iphoneos*]" = "iPhone Developer";
				COPY_PHASE_STRIP = NO;
				DEBUG_INFORMATION_FORMAT = dwarf;
				ENABLE_STRICT_OBJC_MSGSEND = YES;
				ENABLE_TESTABILITY = YES;
				GCC_C_LANGUAGE_STANDARD = gnu99;
				GCC_DYNAMIC_NO_PIC = NO;
				GCC_NO_COMMON_BLOCKS = YES;
				GCC_OPTIMIZATION_LEVEL = 0;
				GCC_PREPROCESSOR_DEFINITIONS = (
					"DEBUG=1",
					"$(inherited)",
				);
				GCC_WARN_64_TO_32_BIT_CONVERSION = YES;
				GCC_WARN_ABOUT_RETURN_TYPE = YES_ERROR;
				GCC_WARN_UNDECLARED_SELECTOR = YES;
				GCC_WARN_UNINITIALIZED_AUTOS = YES_AGGRESSIVE;
				GCC_WARN_UNUSED_FUNCTION = YES;
				GCC_WARN_UNUSED_VARIABLE = YES;
				IPHONEOS_DEPLOYMENT_TARGET = 8.0;
				MTL_ENABLE_DEBUG_INFO = YES;
				ONLY_ACTIVE_ARCH = YES;
				SDKROOT = iphoneos;
				SWIFT_OPTIMIZATION_LEVEL = "-Onone";
			};
			name = Debug;
		};
		A85C01311CE9AD8E00E9B343 /* Release */ = {
			isa = XCBuildConfiguration;
			buildSettings = {
				ALWAYS_SEARCH_USER_PATHS = NO;
				CLANG_ANALYZER_NONNULL = YES;
				CLANG_CXX_LANGUAGE_STANDARD = "gnu++0x";
				CLANG_CXX_LIBRARY = "libc++";
				CLANG_ENABLE_MODULES = YES;
				CLANG_ENABLE_OBJC_ARC = YES;
				CLANG_WARN_BOOL_CONVERSION = YES;
				CLANG_WARN_CONSTANT_CONVERSION = YES;
				CLANG_WARN_DIRECT_OBJC_ISA_USAGE = YES_ERROR;
				CLANG_WARN_EMPTY_BODY = YES;
				CLANG_WARN_ENUM_CONVERSION = YES;
				CLANG_WARN_INT_CONVERSION = YES;
				CLANG_WARN_OBJC_ROOT_CLASS = YES_ERROR;
				CLANG_WARN_UNREACHABLE_CODE = YES;
				CLANG_WARN__DUPLICATE_METHOD_MATCH = YES;
				"CODE_SIGN_IDENTITY[sdk=iphoneos*]" = "iPhone Developer";
				COPY_PHASE_STRIP = NO;
				DEBUG_INFORMATION_FORMAT = "dwarf-with-dsym";
				ENABLE_NS_ASSERTIONS = NO;
				ENABLE_STRICT_OBJC_MSGSEND = YES;
				GCC_C_LANGUAGE_STANDARD = gnu99;
				GCC_NO_COMMON_BLOCKS = YES;
				GCC_WARN_64_TO_32_BIT_CONVERSION = YES;
				GCC_WARN_ABOUT_RETURN_TYPE = YES_ERROR;
				GCC_WARN_UNDECLARED_SELECTOR = YES;
				GCC_WARN_UNINITIALIZED_AUTOS = YES_AGGRESSIVE;
				GCC_WARN_UNUSED_FUNCTION = YES;
				GCC_WARN_UNUSED_VARIABLE = YES;
				IPHONEOS_DEPLOYMENT_TARGET = 8.0;
				MTL_ENABLE_DEBUG_INFO = NO;
				SDKROOT = iphoneos;
				VALIDATE_PRODUCT = YES;
			};
			name = Release;
		};
		A85C01331CE9AD8E00E9B343 /* Debug */ = {
			isa = XCBuildConfiguration;
			buildSettings = {
				ASSETCATALOG_COMPILER_APPICON_NAME = AppIcon;
				INFOPLIST_FILE = Demo/Info.plist;
				IPHONEOS_DEPLOYMENT_TARGET = 8.0;
				LD_RUNPATH_SEARCH_PATHS = "$(inherited) @executable_path/Frameworks";
				PRODUCT_BUNDLE_IDENTIFIER = com.moonshine.Demo;
				PRODUCT_NAME = "$(TARGET_NAME)";
			};
			name = Debug;
		};
		A85C01341CE9AD8E00E9B343 /* Release */ = {
			isa = XCBuildConfiguration;
			buildSettings = {
				ASSETCATALOG_COMPILER_APPICON_NAME = AppIcon;
				INFOPLIST_FILE = Demo/Info.plist;
				IPHONEOS_DEPLOYMENT_TARGET = 8.0;
				LD_RUNPATH_SEARCH_PATHS = "$(inherited) @executable_path/Frameworks";
				PRODUCT_BUNDLE_IDENTIFIER = com.moonshine.Demo;
				PRODUCT_NAME = "$(TARGET_NAME)";
			};
			name = Release;
		};
/* End XCBuildConfiguration section */

/* Begin XCConfigurationList section */
		A85C011B1CE9AD8E00E9B343 /* Build configuration list for PBXProject "Demo" */ = {
			isa = XCConfigurationList;
			buildConfigurations = (
				A85C01301CE9AD8E00E9B343 /* Debug */,
				A85C01311CE9AD8E00E9B343 /* Release */,
			);
			defaultConfigurationIsVisible = 0;
			defaultConfigurationName = Release;
		};
		A85C01321CE9AD8E00E9B343 /* Build configuration list for PBXNativeTarget "Demo" */ = {
			isa = XCConfigurationList;
			buildConfigurations = (
				A85C01331CE9AD8E00E9B343 /* Debug */,
				A85C01341CE9AD8E00E9B343 /* Release */,
			);
			defaultConfigurationIsVisible = 0;
		};
/* End XCConfigurationList section */
	};
	rootObject = A85C01181CE9AD8E00E9B343 /* Project object */;
}
